
Microsoft Visual Studio Solution File, Format Version 12.00
# Visual Studio 15
VisualStudioVersion = 15.0.28307.1758
MinimumVisualStudioVersion = 10.0.40219.1
Project("{FAE04EC0-301F-11D3-BF4B-00C04F79EFBC}") = "InvPolizas", "InvPolizas\InvPolizas.csproj", "{56966B50-E4FA-495D-8491-DC4A3213D7CF}"
EndProject
Global
	GlobalSection(SolutionConfigurationPlatforms) = preSolution
		Debug|Any CPU = Debug|Any CPU
		Release|Any CPU = Release|Any CPU
	EndGlobalSection
	GlobalSection(ProjectConfigurationPlatforms) = postSolution
		{56966B50-E4FA-495D-8491-DC4A3213D7CF}.Debug|Any CPU.ActiveCfg = Debug|Any CPU
		{56966B50-E4FA-495D-8491-DC4A3213D7CF}.Debug|Any CPU.Build.0 = Debug|Any CPU
		{56966B50-E4FA-495D-8491-DC4A3213D7CF}.Release|Any CPU.ActiveCfg = Release|Any CPU
		{56966B50-E4FA-495D-8491-DC4A3213D7CF}.Release|Any CPU.Build.0 = Release|Any CPU
	EndGlobalSection
	GlobalSection(SolutionProperties) = preSolution
		HideSolutionNode = FALSE
	EndGlobalSection
	GlobalSection(ExtensibilityGlobals) = postSolution
		SolutionGuid = {ACA15FA5-2214-4281-899A-562A7F9AEAA6}
	EndGlobalSection
EndGlobal
